{
  "name": "blog.marcua.net",
  "lockfileVersion": 3,
  "requires": true,
  "packages": {
    "": {
      "dependencies": {
        "@aybdb/client": "^0.1.0",
        "nodemailer": "^9.0.1"
      }
    },
    "node_modules/@aybdb/client": {
      "version": "0.1.0",
      "resolved": "https://registry.npmjs.org/@aybdb/client/-/client-0.1.0.tgz",
      "integrity": "sha512-gM7Nbz2L4N7lhfGCGn3qzvszYpIpYQkusUcejUm+TJnqJ//IZ8kLsgd26Rzht3QKiglNUi7ZiQ4M8dYqpPAQ0A==",
      "license": "MIT"
    },
    "node_modules/nodemailer": {
      "version": "9.0.1",
      "resolved": "https://registry.npmjs.org/nodemailer/-/nodemailer-9.0.1.tgz",
      "integrity": "sha512-Gwv8SQewT616ZM/URn0H54b8PWo/Wum7md3EW2aWy1lO27+WZCX+Xyak3J+NlmHUjDh5ME+uesJUDRbR3Ye8Bw==",
      "license": "MIT-0",
      "engines": {
        "node": ">=6.0.0"
      }
    }
  }
}
